
Microsoft Visual Studio Solution File, Format Version 12.00
# Visual Studio Version 17
VisualStudioVersion = 17.0.31903.59
MinimumVisualStudioVersion = 10.0.40219.1
Project("{FAE04EC0-301F-11D3-BF4B-00C04F79EFBC}") = "SerieParaMalharStart.Algoritmo28", "SerieParaMalharStart.Algoritmo28\SerieParaMalharStart.Algoritmo28.csproj", "{38729AB9-50F0-435B-8FF1-B5CF6065D3E2}"
EndProject
Project("{FAE04EC0-301F-11D3-BF4B-00C04F79EFBC}") = "SerieParaMalharStart.Algoritmo29", "SerieParaMalharStart.Algoritmo29\SerieParaMalharStart.Algoritmo29.csproj", "{65D39B23-9A49-4952-BFD0-3CF0338BAACC}"
EndProject
Project("{FAE04EC0-301F-11D3-BF4B-00C04F79EFBC}") = "SerieParaMalharStart.Algoritmo30", "SerieParaMalharStart.Algoritmo30\SerieParaMalharStart.Algoritmo30.csproj", "{7A700FA4-9218-4159-AF02-02C236F62F80}"
EndProject
Project("{FAE04EC0-301F-11D3-BF4B-00C04F79EFBC}") = "SerieParaMalharStart.Algoritmo31", "SerieParaMalharStart.Algoritmo31\SerieParaMalharStart.Algoritmo31.csproj", "{C7C1C0DE-1741-4BCF-80C0-0DBD33670A9D}"
EndProject
Project("{FAE04EC0-301F-11D3-BF4B-00C04F79EFBC}") = "SerieParaMalharStart.Algoritmo32", "SerieParaMalharStart.Algoritmo32\SerieParaMalharStart.Algoritmo32.csproj", "{A9199B2B-7084-447C-8AEA-F6A7A8F6028B}"
EndProject
Project("{FAE04EC0-301F-11D3-BF4B-00C04F79EFBC}") = "SerieParaMalharStart.Algoritmo33", "SerieParaMalharStart.Algoritmo33\SerieParaMalharStart.Algoritmo33.csproj", "{7E8E112C-CCE8-40AC-A11F-8174E35F12E1}"
EndProject
Global
	GlobalSection(SolutionConfigurationPlatforms) = preSolution
		Debug|Any CPU = Debug|Any CPU
		Release|Any CPU = Release|Any CPU
	EndGlobalSection
	GlobalSection(SolutionProperties) = preSolution
		HideSolutionNode = FALSE
	EndGlobalSection
	GlobalSection(ProjectConfigurationPlatforms) = postSolution
		{38729AB9-50F0-435B-8FF1-B5CF6065D3E2}.Debug|Any CPU.ActiveCfg = Debug|Any CPU
		{38729AB9-50F0-435B-8FF1-B5CF6065D3E2}.Debug|Any CPU.Build.0 = Debug|Any CPU
		{38729AB9-50F0-435B-8FF1-B5CF6065D3E2}.Release|Any CPU.ActiveCfg = Release|Any CPU
		{38729AB9-50F0-435B-8FF1-B5CF6065D3E2}.Release|Any CPU.Build.0 = Release|Any CPU
		{65D39B23-9A49-4952-BFD0-3CF0338BAACC}.Debug|Any CPU.ActiveCfg = Debug|Any CPU
		{65D39B23-9A49-4952-BFD0-3CF0338BAACC}.Debug|Any CPU.Build.0 = Debug|Any CPU
		{65D39B23-9A49-4952-BFD0-3CF0338BAACC}.Release|Any CPU.ActiveCfg = Release|Any CPU
		{65D39B23-9A49-4952-BFD0-3CF0338BAACC}.Release|Any CPU.Build.0 = Release|Any CPU
		{7A700FA4-9218-4159-AF02-02C236F62F80}.Debug|Any CPU.ActiveCfg = Debug|Any CPU
		{7A700FA4-9218-4159-AF02-02C236F62F80}.Debug|Any CPU.Build.0 = Debug|Any CPU
		{7A700FA4-9218-4159-AF02-02C236F62F80}.Release|Any CPU.ActiveCfg = Release|Any CPU
		{7A700FA4-9218-4159-AF02-02C236F62F80}.Release|Any CPU.Build.0 = Release|Any CPU
		{C7C1C0DE-1741-4BCF-80C0-0DBD33670A9D}.Debug|Any CPU.ActiveCfg = Debug|Any CPU
		{C7C1C0DE-1741-4BCF-80C0-0DBD33670A9D}.Debug|Any CPU.Build.0 = Debug|Any CPU
		{C7C1C0DE-1741-4BCF-80C0-0DBD33670A9D}.Release|Any CPU.ActiveCfg = Release|Any CPU
		{C7C1C0DE-1741-4BCF-80C0-0DBD33670A9D}.Release|Any CPU.Build.0 = Release|Any CPU
		{A9199B2B-7084-447C-8AEA-F6A7A8F6028B}.Debug|Any CPU.ActiveCfg = Debug|Any CPU
		{A9199B2B-7084-447C-8AEA-F6A7A8F6028B}.Debug|Any CPU.Build.0 = Debug|Any CPU
		{A9199B2B-7084-447C-8AEA-F6A7A8F6028B}.Release|Any CPU.ActiveCfg = Release|Any CPU
		{A9199B2B-7084-447C-8AEA-F6A7A8F6028B}.Release|Any CPU.Build.0 = Release|Any CPU
		{7E8E112C-CCE8-40AC-A11F-8174E35F12E1}.Debug|Any CPU.ActiveCfg = Debug|Any CPU
		{7E8E112C-CCE8-40AC-A11F-8174E35F12E1}.Debug|Any CPU.Build.0 = Debug|Any CPU
		{7E8E112C-CCE8-40AC-A11F-8174E35F12E1}.Release|Any CPU.ActiveCfg = Release|Any CPU
		{7E8E112C-CCE8-40AC-A11F-8174E35F12E1}.Release|Any CPU.Build.0 = Release|Any CPU
	EndGlobalSection
EndGlobal
